// !$*UTF8*$!
{
	archiveVersion = 1;
	classes = {
	};
	objectVersion = 46;
	objects = {

/* Begin PBXBuildFile section */
		888FE5A21B388B0B00AA1654 /* AppDelegate.swift in Sources */ = {isa = PBXBuildFile; fileRef = 888FE5A11B388B0B00AA1654 /* AppDelegate.swift */; };
		888FE5A41B388B0B00AA1654 /* ViewController.swift in Sources */ = {isa = PBXBuildFile; fileRef = 888FE5A31B388B0B00AA1654 /* ViewController.swift */; };
		888FE5A71B388B0B00AA1654 /* Main.storyboard in Resources */ = {isa = PBXBuildFile; fileRef = 888FE5A51B388B0B00AA1654 /* Main.storyboard */; };
		888FE5A91B388B0B00AA1654 /* Images.xcassets in Resources */ = {isa = PBXBuildFile; fileRef = 888FE5A81B388B0B00AA1654 /* Images.xcassets */; };
		888FE5AC1B388B0B00AA1654 /* LaunchScreen.xib in Resources */ = {isa = PBXBuildFile; fileRef = 888FE5AA1B388B0B00AA1654 /* LaunchScreen.xib */; };
		888FE5B81B388B0B00AA1654 /* CleverNoteTests.swift in Sources */ = {isa = PBXBuildFile; fileRef = 888FE5B71B388B0B00AA1654 /* CleverNoteTests.swift */; };
/* End PBXBuildFile section */

/* Begin PBXContainerItemProxy section */
		888FE5B21B388B0B00AA1654 /* PBXContainerItemProxy */ = {
			isa = PBXContainerItemProxy;
			containerPortal = 888FE5941B388B0B00AA1654 /* Project object */;
			proxyType = 1;
			remoteGlobalIDString = 888FE59B1B388B0B00AA1654;
			remoteInfo = CleverNote;
		};
/* End PBXContainerItemProxy section */

/* Begin PBXFileReference section */
		888FE59C1B388B0B00AA1654 /* CleverNote.app */ = {isa = PBXFileReference; explicitFileType = wrapper.application; includeInIndex = 0; path = CleverNote.app; sourceTree = BUILT_PRODUCTS_DIR; };
		888FE5A01B388B0B00AA1654 /* Info.plist */ = {isa = PBXFileReference; lastKnownFileType = text.plist.xml; path = Info.plist; sourceTree = "<group>"; };
		888FE5A11B388B0B00AA1654 /* AppDelegate.swift */ = {isa = PBXFileReference; lastKnownFileType = sourcecode.swift; path = AppDelegate.swift; sourceTree = "<group>"; };
		888FE5A31B388B0B00AA1654 /* ViewController.swift */ = {isa = PBXFileReference; lastKnownFileType = sourcecode.swift; path = ViewController.swift; sourceTree = "<group>"; };
		888FE5A61B388B0B00AA1654 /* Base */ = {isa = PBXFileReference; lastKnownFileType = file.storyboard; name = Base; path = Base.lproj/Main.storyboard; sourceTree = "<group>"; };
		888FE5A81B388B0B00AA1654 /* Images.xcassets */ = {isa = PBXFileReference; lastKnownFileType = folder.assetcatalog; path = Images.xcassets; sourceTree = "<group>"; };
		888FE5AB1B388B0B00AA1654 /* Base */ = {isa = PBXFileReference; lastKnownFileType = file.xib; name = Base; path = Base.lproj/LaunchScreen.xib; sourceTree = "<group>"; };
		888FE5B11B388B0B00AA1654 /* CleverNoteTests.xctest */ = {isa = PBXFileReference; explicitFileType = wrapper.cfbundle; includeInIndex = 0; path = CleverNoteTests.xctest; sourceTree = BUILT_PRODUCTS_DIR; };
		888FE5B61B388B0B00AA1654 /* Info.plist */ = {isa = PBXFileReference; lastKnownFileType = text.plist.xml; path = Info.plist; sourceTree = "<group>"; };
		888FE5B71B388B0B00AA1654 /* CleverNoteTests.swift */ = {isa = PBXFileReference; lastKnownFileType = sourcecode.swift; path = CleverNoteTests.swift; sourceTree = "<group>"; };
/* End PBXFileReference section */

/* Begin PBXFrameworksBuildPhase section */
		888FE5991B388B0B00AA1654 /* Frameworks */ = {
			isa = PBXFrameworksBuildPhase;
			buildActionMask = 2147483647;
			files = (
			);
			runOnlyForDeploymentPostprocessing = 0;
		};
		888FE5AE1B388B0B00AA1654 /* Frameworks */ = {
			isa = PBXFrameworksBuildPhase;
			buildActionMask = 2147483647;
			files = (
			);
			runOnlyForDeploymentPostprocessing = 0;
		};
/* End PBXFrameworksBuildPhase section */

/* Begin PBXGroup section */
		888FE5931B388B0B00AA1654 = {
			isa = PBXGroup;
			children = (
				888FE59E1B388B0B00AA1654 /* CleverNote */,
				888FE5B41B388B0B00AA1654 /* CleverNoteTests */,
				888FE59D1B388B0B00AA1654 /* Products */,
			);
			sourceTree = "<group>";
		};
		888FE59D1B388B0B00AA1654 /* Products */ = {
			isa = PBXGroup;
			children = (
				888FE59C1B388B0B00AA1654 /* CleverNote.app */,
				888FE5B11B388B0B00AA1654 /* CleverNoteTests.xctest */,
			);
			name = Products;
			sourceTree = "<group>";
		};
		888FE59E1B388B0B00AA1654 /* CleverNote */ = {
			isa = PBXGroup;
			children = (
				888FE5A11B388B0B00AA1654 /* AppDelegate.swift */,
				888FE5A31B388B0B00AA1654 /* ViewController.swift */,
				888FE5A51B388B0B00AA1654 /* Main.storyboard */,
				888FE5A81B388B0B00AA1654 /* Images.xcassets */,
				888FE5AA1B388B0B00AA1654 /* LaunchScreen.xib */,
				888FE59F1B388B0B00AA1654 /* Supporting Files */,
			);
			path = CleverNote;
			sourceTree = "<group>";
		};
		888FE59F1B388B0B00AA1654 /* Supporting Files */ = {
			isa = PBXGroup;
			children = (
				888FE5A01B388B0B00AA1654 /* Info.plist */,
			);
			name = "Supporting Files";
			sourceTree = "<group>";
		};
		888FE5B41B388B0B00AA1654 /* CleverNoteTests */ = {
			isa = PBXGroup;
			children = (
				888FE5B71B388B0B00AA1654 /* CleverNoteTests.swift */,
				888FE5B51B388B0B00AA1654 /* Supporting Files */,
			);
			path = CleverNoteTests;
			sourceTree = "<group>";
		};
		888FE5B51B388B0B00AA1654 /* Supporting Files */ = {
			isa = PBXGroup;
			children = (
				888FE5B61B388B0B00AA1654 /* Info.plist */,
			);
			name = "Supporting Files";
			sourceTree = "<group>";
		};
/* End PBXGroup section */

/* Begin PBXNativeTarget section */
		888FE59B1B388B0B00AA1654 /* CleverNote */ = {
			isa = PBXNativeTarget;
			buildConfigurationList = 888FE5BB1B388B0B00AA1654 /* Build configuration list for PBXNativeTarget "CleverNote" */;
			buildPhases = (
				888FE5981B388B0B00AA1654 /* Sources */,
				888FE5991B388B0B00AA1654 /* Frameworks */,
				888FE59A1B388B0B00AA1654 /* Resources */,
			);
			buildRules = (
			);
			dependencies = (
			);
			name = CleverNote;
			productName = CleverNote;
			productReference = 888FE59C1B388B0B00AA1654 /* CleverNote.app */;
			productType = "com.apple.product-type.application";
		};
		888FE5B01B388B0B00AA1654 /* CleverNoteTests */ = {
			isa = PBXNativeTarget;
			buildConfigurationList = 888FE5BE1B388B0B00AA1654 /* Build configuration list for PBXNativeTarget "CleverNoteTests" */;
			buildPhases = (
				888FE5AD1B388B0B00AA1654 /* Sources */,
				888FE5AE1B388B0B00AA1654 /* Frameworks */,
				888FE5AF1B388B0B00AA1654 /* Resources */,
			);
			buildRules = (
			);
			dependencies = (
				888FE5B31B388B0B00AA1654 /* PBXTargetDependency */,
			);
			name = CleverNoteTests;
			productName = CleverNoteTests;
			productReference = 888FE5B11B388B0B00AA1654 /* CleverNoteTests.xctest */;
			productType = "com.apple.product-type.bundle.unit-test";
		};
/* End PBXNativeTarget section */

/* Begin PBXProject section */
		888FE5941B388B0B00AA1654 /* Project object */ = {
			isa = PBXProject;
			attributes = {
				LastUpgradeCheck = 0630;
				ORGANIZATIONNAME = dpfbop;
				TargetAttributes = {
					888FE59B1B388B0B00AA1654 = {
						CreatedOnToolsVersion = 6.3.2;
					};
					888FE5B01B388B0B00AA1654 = {
						CreatedOnToolsVersion = 6.3.2;
						TestTargetID = 888FE59B1B388B0B00AA1654;
					};
				};
			};
			buildConfigurationList = 888FE5971B388B0B00AA1654 /* Build configuration list for PBXProject "CleverNote" */;
			compatibilityVersion = "Xcode 3.2";
			developmentRegion = English;
			hasScannedForEncodings = 0;
			knownRegions = (
				en,
				Base,
			);
			mainGroup = 888FE5931B388B0B00AA1654;
			productRefGroup = 888FE59D1B388B0B00AA1654 /* Products */;
			projectDirPath = "";
			projectRoot = "";
			targets = (
				888FE59B1B388B0B00AA1654 /* CleverNote */,
				888FE5B01B388B0B00AA1654 /* CleverNoteTests */,
			);
		};
/* End PBXProject section */

/* Begin PBXResourcesBuildPhase section */
		888FE59A1B388B0B00AA1654 /* Resources */ = {
			isa = PBXResourcesBuildPhase;
			buildActionMask = 2147483647;
			files = (
				888FE5A71B388B0B00AA1654 /* Main.storyboard in Resources */,
				888FE5AC1B388B0B00AA1654 /* LaunchScreen.xib in Resources */,
				888FE5A91B388B0B00AA1654 /* Images.xcassets in Resources */,
			);
			runOnlyForDeploymentPostprocessing = 0;
		};
		888FE5AF1B388B0B00AA1654 /* Resources */ = {
			isa = PBXResourcesBuildPhase;
			buildActionMask = 2147483647;
			files = (
			);
			runOnlyForDeploymentPostprocessing = 0;
		};
/* End PBXResourcesBuildPhase section */

/* Begin PBXSourcesBuildPhase section */
		888FE5981B388B0B00AA1654 /* Sources */ = {
			isa = PBXSourcesBuildPhase;
			buildActionMask = 2147483647;
			files = (
				888FE5A41B388B0B00AA1654 /* ViewController.swift in Sources */,
				888FE5A21B388B0B00AA1654 /* AppDelegate.swift in Sources */,
			);
			runOnlyForDeploymentPostprocessing = 0;
		};
		888FE5AD1B388B0B00AA1654 /* Sources */ = {
			isa = PBXSourcesBuildPhase;
			buildActionMask = 2147483647;
			files = (
				888FE5B81B388B0B00AA1654 /* CleverNoteTests.swift in Sources */,
			);
			runOnlyForDeploymentPostprocessing = 0;
		};
/* End PBXSourcesBuildPhase section */

/* Begin PBXTargetDependency section */
		888FE5B31B388B0B00AA1654 /* PBXTargetDependency */ = {
			isa = PBXTargetDependency;
			target = 888FE59B1B388B0B00AA1654 /* CleverNote */;
			targetProxy = 888FE5B21B388B0B00AA1654 /* PBXContainerItemProxy */;
		};
/* End PBXTargetDependency section */

/* Begin PBXVariantGroup section */
		888FE5A51B388B0B00AA1654 /* Main.storyboard */ = {
			isa = PBXVariantGroup;
			children = (
				888FE5A61B388B0B00AA1654 /* Base */,
			);
			name = Main.storyboard;
			sourceTree = "<group>";
		};
		888FE5AA1B388B0B00AA1654 /* LaunchScreen.xib */ = {
			isa = PBXVariantGroup;
			children = (
				888FE5AB1B388B0B00AA1654 /* Base */,
			);
			name = LaunchScreen.xib;
			sourceTree = "<group>";
		};
/* End PBXVariantGroup section */

/* Begin XCBuildConfiguration section */
		888FE5B91B388B0B00AA1654 /* Debug */ = {
			isa = XCBuildConfiguration;
			buildSettings = {
				ALWAYS_SEARCH_USER_PATHS = NO;
				CLANG_CXX_LANGUAGE_STANDARD = "gnu++0x";
				CLANG_CXX_LIBRARY = "libc++";
				CLANG_ENABLE_MODULES = YES;
				CLANG_ENABLE_OBJC_ARC = YES;
				CLANG_WARN_BOOL_CONVERSION = YES;
				CLANG_WARN_CONSTANT_CONVERSION = YES;
				CLANG_WARN_DIRECT_OBJC_ISA_USAGE = YES_ERROR;
				CLANG_WARN_EMPTY_BODY = YES;
				CLANG_WARN_ENUM_CONVERSION = YES;
				CLANG_WARN_INT_CONVERSION = YES;
				CLANG_WARN_OBJC_ROOT_CLASS = YES_ERROR;
				CLANG_WARN_UNREACHABLE_CODE = YES;
				CLANG_WARN__DUPLICATE_METHOD_MATCH = YES;
				"CODE_SIGN_IDENTITY[sdk=iphoneos*]" = "iPhone Developer";
				COPY_PHASE_STRIP = NO;
				DEBUG_INFORMATION_FORMAT = "dwarf-with-dsym";
				ENABLE_STRICT_OBJC_MSGSEND = YES;
				GCC_C_LANGUAGE_STANDARD = gnu99;
				GCC_DYNAMIC_NO_PIC = NO;
				GCC_NO_COMMON_BLOCKS = YES;
				GCC_OPTIMIZATION_LEVEL = 0;
				GCC_PREPROCESSOR_DEFINITIONS = (
					"DEBUG=1",
					"$(inherited)",
				);
				GCC_SYMBOLS_PRIVATE_EXTERN = NO;
				GCC_WARN_64_TO_32_BIT_CONVERSION = YES;
				GCC_WARN_ABOUT_RETURN_TYPE = YES_ERROR;
				GCC_WARN_UNDECLARED_SELECTOR = YES;
				GCC_WARN_UNINITIALIZED_AUTOS = YES_AGGRESSIVE;
				GCC_WARN_UNUSED_FUNCTION = YES;
				GCC_WARN_UNUSED_VARIABLE = YES;
				IPHONEOS_DEPLOYMENT_TARGET = 8.3;
				MTL_ENABLE_DEBUG_INFO = YES;
				ONLY_ACTIVE_ARCH = YES;
				SDKROOT = iphoneos;
				SWIFT_OPTIMIZATION_LEVEL = "-Onone";
				TARGETED_DEVICE_FAMILY = "1,2";
			};
			name = Debug;
		};
		888FE5BA1B388B0B00AA1654 /* Release */ = {
			isa = XCBuildConfiguration;
			buildSettings = {
				ALWAYS_SEARCH_USER_PATHS = NO;
				CLANG_CXX_LANGUAGE_STANDARD = "gnu++0x";
				CLANG_CXX_LIBRARY = "libc++";
				CLANG_ENABLE_MODULES = YES;
				CLANG_ENABLE_OBJC_ARC = YES;
				CLANG_WARN_BOOL_CONVERSION = YES;
				CLANG_WARN_CONSTANT_CONVERSION = YES;
				CLANG_WARN_DIRECT_OBJC_ISA_USAGE = YES_ERROR;
				CLANG_WARN_EMPTY_BODY = YES;
				CLANG_WARN_ENUM_CONVERSION = YES;
				CLANG_WARN_INT_CONVERSION = YES;
				CLANG_WARN_OBJC_ROOT_CLASS = YES_ERROR;
				CLANG_WARN_UNREACHABLE_CODE = YES;
				CLANG_WARN__DUPLICATE_METHOD_MATCH = YES;
				"CODE_SIGN_IDENTITY[sdk=iphoneos*]" = "iPhone Developer";
				COPY_PHASE_STRIP = NO;
				DEBUG_INFORMATION_FORMAT = "dwarf-with-dsym";
				ENABLE_NS_ASSERTIONS = NO;
				ENABLE_STRICT_OBJC_MSGSEND = YES;
				GCC_C_LANGUAGE_STANDARD = gnu99;
				GCC_NO_COMMON_BLOCKS = YES;
				GCC_WARN_64_TO_32_BIT_CONVERSION = YES;
				GCC_WARN_ABOUT_RETURN_TYPE = YES_ERROR;
				GCC_WARN_UNDECLARED_SELECTOR = YES;
				GCC_WARN_UNINITIALIZED_AUTOS = YES_AGGRESSIVE;
				GCC_WARN_UNUSED_FUNCTION = YES;
				GCC_WARN_UNUSED_VARIABLE = YES;
				IPHONEOS_DEPLOYMENT_TARGET = 8.3;
				MTL_ENABLE_DEBUG_INFO = NO;
				SDKROOT = iphoneos;
				TARGETED_DEVICE_FAMILY = "1,2";
				VALIDATE_PRODUCT = YES;
			};
			name = Release;
		};
		888FE5BC1B388B0B00AA1654 /* Debug */ = {
			isa = XCBuildConfiguration;
			buildSettings = {
				ASSETCATALOG_COMPILER_APPICON_NAME = AppIcon;
				INFOPLIST_FILE = CleverNote/Info.plist;
				LD_RUNPATH_SEARCH_PATHS = "$(inherited) @executable_path/Frameworks";
				PRODUCT_NAME = "$(TARGET_NAME)";
			};
			name = Debug;
		};
		888FE5BD1B388B0B00AA1654 /* Release */ = {
			isa = XCBuildConfiguration;
			buildSettings = {
				ASSETCATALOG_COMPILER_APPICON_NAME = AppIcon;
				INFOPLIST_FILE = CleverNote/Info.plist;
				LD_RUNPATH_SEARCH_PATHS = "$(inherited) @executable_path/Frameworks";
				PRODUCT_NAME = "$(TARGET_NAME)";
			};
			name = Release;
		};
		888FE5BF1B388B0B00AA1654 /* Debug */ = {
			isa = XCBuildConfiguration;
			buildSettings = {
				BUNDLE_LOADER = "$(TEST_HOST)";
				FRAMEWORK_SEARCH_PATHS = (
					"$(SDKROOT)/Developer/Library/Frameworks",
					"$(inherited)",
				);
				GCC_PREPROCESSOR_DEFINITIONS = (
					"DEBUG=1",
					"$(inherited)",
				);
				INFOPLIST_FILE = CleverNoteTests/Info.plist;
				LD_RUNPATH_SEARCH_PATHS = "$(inherited) @executable_path/Frameworks @loader_path/Frameworks";
				PRODUCT_NAME = "$(TARGET_NAME)";
				TEST_HOST = "$(BUILT_PRODUCTS_DIR)/CleverNote.app/CleverNote";
			};
			name = Debug;
		};
		888FE5C01B388B0B00AA1654 /* Release */ = {
			isa = XCBuildConfiguration;
			buildSettings = {
				BUNDLE_LOADER = "$(TEST_HOST)";
				FRAMEWORK_SEARCH_PATHS = (
					"$(SDKROOT)/Developer/Library/Frameworks",
					"$(inherited)",
				);
				INFOPLIST_FILE = CleverNoteTests/Info.plist;
				LD_RUNPATH_SEARCH_PATHS = "$(inherited) @executable_path/Frameworks @loader_path/Frameworks";
				PRODUCT_NAME = "$(TARGET_NAME)";
				TEST_HOST = "$(BUILT_PRODUCTS_DIR)/CleverNote.app/CleverNote";
			};
			name = Release;
		};
/* End XCBuildConfiguration section */

/* Begin XCConfigurationList section */
		888FE5971B388B0B00AA1654 /* Build configuration list for PBXProject "CleverNote" */ = {
			isa = XCConfigurationList;
			buildConfigurations = (
				888FE5B91B388B0B00AA1654 /* Debug */,
				888FE5BA1B388B0B00AA1654 /* Release */,
			);
			defaultConfigurationIsVisible = 0;
			defaultConfigurationName = Release;
		};
		888FE5BB1B388B0B00AA1654 /* Build configuration list for PBXNativeTarget "CleverNote" */ = {
			isa = XCConfigurationList;
			buildConfigurations = (
				888FE5BC1B388B0B00AA1654 /* Debug */,
				888FE5BD1B388B0B00AA1654 /* Release */,
			);
			defaultConfigurationIsVisible = 0;
		};
		888FE5BE1B388B0B00AA1654 /* Build configuration list for PBXNativeTarget "CleverNoteTests" */ = {
			isa = XCConfigurationList;
			buildConfigurations = (
				888FE5BF1B388B0B00AA1654 /* Debug */,
				888FE5C01B388B0B00AA1654 /* Release */,
			);
			defaultConfigurationIsVisible = 0;
		};
/* End XCConfigurationList section */
	};
	rootObject = 888FE5941B388B0B00AA1654 /* Project object */;
}
